
Microsoft Visual Studio Solution File, Format Version 12.00
# Visual Studio Version 16
VisualStudioVersion = 16.0.29424.173
MinimumVisualStudioVersion = 10.0.40219.1
Project("{FAE04EC0-301F-11D3-BF4B-00C04F79EFBC}") = "CoffeeshopManagementSystem", "CoffeeshopManagementSystem.csproj", "{B3B3BD74-8B61-4905-83F4-2C19FA963BED}"
EndProject
Global
	GlobalSection(SolutionConfigurationPlatforms) = preSolution
		Debug|Any CPU = Debug|Any CPU
		Release|Any CPU = Release|Any CPU
	EndGlobalSection
	GlobalSection(ProjectConfigurationPlatforms) = postSolution
		{B3B3BD74-8B61-4905-83F4-2C19FA963BED}.Debug|Any CPU.ActiveCfg = Debug|Any CPU
		{B3B3BD74-8B61-4905-83F4-2C19FA963BED}.Debug|Any CPU.Build.0 = Debug|Any CPU
		{B3B3BD74-8B61-4905-83F4-2C19FA963BED}.Release|Any CPU.ActiveCfg = Release|Any CPU
		{B3B3BD74-8B61-4905-83F4-2C19FA963BED}.Release|Any CPU.Build.0 = Release|Any CPU
	EndGlobalSection
	GlobalSection(SolutionProperties) = preSolution
		HideSolutionNode = FALSE
	EndGlobalSection
	GlobalSection(ExtensibilityGlobals) = postSolution
		SolutionGuid = {C2FA84D2-B980-4173-8A76-8AA2146C8507}
	EndGlobalSection
EndGlobal
